
Microsoft Visual Studio Solution File, Format Version 12.00
# Visual Studio Version 16
VisualStudioVersion = 16.0.30717.126
MinimumVisualStudioVersion = 10.0.40219.1
Project("{FAE04EC0-301F-11D3-BF4B-00C04F79EFBC}") = "EwatchPurchaseProcessSystemMain", "EwatchPurchaseProcessSystemMain\EwatchPurchaseProcessSystemMain.csproj", "{A913C0B7-E19E-4421-AE22-D4D231F75C43}"
EndProject
Project("{00D1A9C2-B5F0-4AF3-8072-F6C62B433612}") = "PurchaseProcessSystemDB", "PurchaseProcessSystemDB\PurchaseProcessSystemDB.sqlproj", "{4EB1C5DB-B278-44B1-A4AB-5BDBDE87DD0E}"
EndProject
Global
	GlobalSection(SolutionConfigurationPlatforms) = preSolution
		Debug|Any CPU = Debug|Any CPU
		Release|Any CPU = Release|Any CPU
	EndGlobalSection
	GlobalSection(ProjectConfigurationPlatforms) = postSolution
		{A913C0B7-E19E-4421-AE22-D4D231F75C43}.Debug|Any CPU.ActiveCfg = Debug|Any CPU
		{A913C0B7-E19E-4421-AE22-D4D231F75C43}.Debug|Any CPU.Build.0 = Debug|Any CPU
		{A913C0B7-E19E-4421-AE22-D4D231F75C43}.Release|Any CPU.ActiveCfg = Release|Any CPU
		{A913C0B7-E19E-4421-AE22-D4D231F75C43}.Release|Any CPU.Build.0 = Release|Any CPU
		{4EB1C5DB-B278-44B1-A4AB-5BDBDE87DD0E}.Debug|Any CPU.ActiveCfg = Debug|Any CPU
		{4EB1C5DB-B278-44B1-A4AB-5BDBDE87DD0E}.Debug|Any CPU.Build.0 = Debug|Any CPU
		{4EB1C5DB-B278-44B1-A4AB-5BDBDE87DD0E}.Debug|Any CPU.Deploy.0 = Debug|Any CPU
		{4EB1C5DB-B278-44B1-A4AB-5BDBDE87DD0E}.Release|Any CPU.ActiveCfg = Release|Any CPU
		{4EB1C5DB-B278-44B1-A4AB-5BDBDE87DD0E}.Release|Any CPU.Build.0 = Release|Any CPU
		{4EB1C5DB-B278-44B1-A4AB-5BDBDE87DD0E}.Release|Any CPU.Deploy.0 = Release|Any CPU
	EndGlobalSection
	GlobalSection(SolutionProperties) = preSolution
		HideSolutionNode = FALSE
	EndGlobalSection
	GlobalSection(ExtensibilityGlobals) = postSolution
		SolutionGuid = {0E641BDE-FF4E-4772-B85A-3B2A4A440BB3}
	EndGlobalSection
EndGlobal
